
Microsoft Visual Studio Solution File, Format Version 12.00
# Visual Studio Version 16
VisualStudioVersion = 16.0.29324.140
MinimumVisualStudioVersion = 10.0.40219.1
Project("{FAE04EC0-301F-11D3-BF4B-00C04F79EFBC}") = "TrippinExercise", "TrippinExercise\TrippinExercise.csproj", "{66033A16-6A49-4163-A084-5DCDF020A18A}"
EndProject
Global
	GlobalSection(SolutionConfigurationPlatforms) = preSolution
		Debug|Any CPU = Debug|Any CPU
		Release|Any CPU = Release|Any CPU
	EndGlobalSection
	GlobalSection(ProjectConfigurationPlatforms) = postSolution
		{66033A16-6A49-4163-A084-5DCDF020A18A}.Debug|Any CPU.ActiveCfg = Debug|Any CPU
		{66033A16-6A49-4163-A084-5DCDF020A18A}.Debug|Any CPU.Build.0 = Debug|Any CPU
		{66033A16-6A49-4163-A084-5DCDF020A18A}.Release|Any CPU.ActiveCfg = Release|Any CPU
		{66033A16-6A49-4163-A084-5DCDF020A18A}.Release|Any CPU.Build.0 = Release|Any CPU
	EndGlobalSection
	GlobalSection(SolutionProperties) = preSolution
		HideSolutionNode = FALSE
	EndGlobalSection
	GlobalSection(ExtensibilityGlobals) = postSolution
		SolutionGuid = {184B1768-1031-45A9-B887-AC9275C56A5C}
	EndGlobalSection
EndGlobal
